
Microsoft Visual Studio Solution File, Format Version 12.00
# Visual Studio Version 17
VisualStudioVersion = 17.7.34024.191
MinimumVisualStudioVersion = 10.0.40219.1
Project("{FAE04EC0-301F-11D3-BF4B-00C04F79EFBC}") = "16. Exception Handling", "16. Exception Handling\16. Exception Handling.csproj", "{1A8B55EF-AE6D-4113-95E0-BB158593B38B}"
EndProject
Global
	GlobalSection(SolutionConfigurationPlatforms) = preSolution
		Debug|Any CPU = Debug|Any CPU
		Release|Any CPU = Release|Any CPU
	EndGlobalSection
	GlobalSection(ProjectConfigurationPlatforms) = postSolution
		{1A8B55EF-AE6D-4113-95E0-BB158593B38B}.Debug|Any CPU.ActiveCfg = Debug|Any CPU
		{1A8B55EF-AE6D-4113-95E0-BB158593B38B}.Debug|Any CPU.Build.0 = Debug|Any CPU
		{1A8B55EF-AE6D-4113-95E0-BB158593B38B}.Release|Any CPU.ActiveCfg = Release|Any CPU
		{1A8B55EF-AE6D-4113-95E0-BB158593B38B}.Release|Any CPU.Build.0 = Release|Any CPU
	EndGlobalSection
	GlobalSection(SolutionProperties) = preSolution
		HideSolutionNode = FALSE
	EndGlobalSection
	GlobalSection(ExtensibilityGlobals) = postSolution
		SolutionGuid = {73AD0819-A615-446C-A2F6-8CCC5DD4E5B5}
	EndGlobalSection
EndGlobal
